// !$*UTF8*$!
{
	archiveVersion = 1;
	classes = {
	};
	objectVersion = 46;
	objects = {

/* Begin PBXBuildFile section */
		18652BA815F7072600A0BB44 /* main.c in Sources */ = {isa = PBXBuildFile; fileRef = 18652BA715F7072600A0BB44 /* main.c */; };
		18652BAA15F7072600A0BB44 /* otw.1 in CopyFiles */ = {isa = PBXBuildFile; fileRef = 18652BA915F7072600A0BB44 /* otw.1 */; };
/* End PBXBuildFile section */

/* Begin PBXCopyFilesBuildPhase section */
		18652BA115F7072600A0BB44 /* CopyFiles */ = {
			isa = PBXCopyFilesBuildPhase;
			buildActionMask = 2147483647;
			dstPath = /usr/share/man/man1/;
			dstSubfolderSpec = 0;
			files = (
				18652BAA15F7072600A0BB44 /* otw.1 in CopyFiles */,
			);
			runOnlyForDeploymentPostprocessing = 1;
		};
/* End PBXCopyFilesBuildPhase section */

/* Begin PBXFileReference section */
		18652BA315F7072600A0BB44 /* otw */ = {isa = PBXFileReference; explicitFileType = "compiled.mach-o.executable"; includeInIndex = 0; path = otw; sourceTree = BUILT_PRODUCTS_DIR; };
		18652BA715F7072600A0BB44 /* main.c */ = {isa = PBXFileReference; lastKnownFileType = sourcecode.c.c; path = main.c; sourceTree = "<group>"; };
		18652BA915F7072600A0BB44 /* otw.1 */ = {isa = PBXFileReference; lastKnownFileType = text.man; path = otw.1; sourceTree = "<group>"; };
/* End PBXFileReference section */

/* Begin PBXFrameworksBuildPhase section */
		18652BA015F7072600A0BB44 /* Frameworks */ = {
			isa = PBXFrameworksBuildPhase;
			buildActionMask = 2147483647;
			files = (
			);
			runOnlyForDeploymentPostprocessing = 0;
		};
/* End PBXFrameworksBuildPhase section */

/* Begin PBXGroup section */
		18652B9815F7072600A0BB44 = {
			isa = PBXGroup;
			children = (
				18652BA615F7072600A0BB44 /* otw */,
				18652BA415F7072600A0BB44 /* Products */,
			);
			sourceTree = "<group>";
		};
		18652BA415F7072600A0BB44 /* Products */ = {
			isa = PBXGroup;
			children = (
				18652BA315F7072600A0BB44 /* otw */,
			);
			name = Products;
			sourceTree = "<group>";
		};
		18652BA615F7072600A0BB44 /* otw */ = {
			isa = PBXGroup;
			children = (
				18652BA715F7072600A0BB44 /* main.c */,
				18652BA915F7072600A0BB44 /* otw.1 */,
			);
			path = otw;
			sourceTree = "<group>";
		};
/* End PBXGroup section */

/* Begin PBXNativeTarget section */
		18652BA215F7072600A0BB44 /* otw */ = {
			isa = PBXNativeTarget;
			buildConfigurationList = 18652BAD15F7072600A0BB44 /* Build configuration list for PBXNativeTarget "otw" */;
			buildPhases = (
				18652B9F15F7072600A0BB44 /* Sources */,
				18652BA015F7072600A0BB44 /* Frameworks */,
				18652BA115F7072600A0BB44 /* CopyFiles */,
			);
			buildRules = (
			);
			dependencies = (
			);
			name = otw;
			productName = otw;
			productReference = 18652BA315F7072600A0BB44 /* otw */;
			productType = "com.apple.product-type.tool";
		};
/* End PBXNativeTarget section */

/* Begin PBXProject section */
		18652B9A15F7072600A0BB44 /* Project object */ = {
			isa = PBXProject;
			attributes = {
				LastUpgradeCheck = 0440;
				ORGANIZATIONNAME = BEER;
			};
			buildConfigurationList = 18652B9D15F7072600A0BB44 /* Build configuration list for PBXProject "otw" */;
			compatibilityVersion = "Xcode 3.2";
			developmentRegion = English;
			hasScannedForEncodings = 0;
			knownRegions = (
				en,
			);
			mainGroup = 18652B9815F7072600A0BB44;
			productRefGroup = 18652BA415F7072600A0BB44 /* Products */;
			projectDirPath = "";
			projectRoot = "";
			targets = (
				18652BA215F7072600A0BB44 /* otw */,
			);
		};
/* End PBXProject section */

/* Begin PBXSourcesBuildPhase section */
		18652B9F15F7072600A0BB44 /* Sources */ = {
			isa = PBXSourcesBuildPhase;
			buildActionMask = 2147483647;
			files = (
				18652BA815F7072600A0BB44 /* main.c in Sources */,
			);
			runOnlyForDeploymentPostprocessing = 0;
		};
/* End PBXSourcesBuildPhase section */

/* Begin XCBuildConfiguration section */
		18652BAB15F7072600A0BB44 /* Debug */ = {
			isa = XCBuildConfiguration;
			buildSettings = {
				ALWAYS_SEARCH_USER_PATHS = NO;
				ARCHS = "$(ARCHS_STANDARD_64_BIT)";
				CLANG_CXX_LANGUAGE_STANDARD = "gnu++0x";
				CLANG_ENABLE_OBJC_ARC = YES;
				CLANG_WARN__DUPLICATE_METHOD_MATCH = YES;
				COPY_PHASE_STRIP = NO;
				GCC_C_LANGUAGE_STANDARD = gnu99;
				GCC_DYNAMIC_NO_PIC = NO;
				GCC_ENABLE_OBJC_EXCEPTIONS = YES;
				GCC_OPTIMIZATION_LEVEL = 0;
				GCC_PREPROCESSOR_DEFINITIONS = (
					"DEBUG=1",
					"$(inherited)",
				);
				GCC_SYMBOLS_PRIVATE_EXTERN = NO;
				GCC_WARN_64_TO_32_BIT_CONVERSION = YES;
				GCC_WARN_ABOUT_RETURN_TYPE = YES;
				GCC_WARN_UNINITIALIZED_AUTOS = YES;
				GCC_WARN_UNUSED_VARIABLE = YES;
				MACOSX_DEPLOYMENT_TARGET = 10.8;
				ONLY_ACTIVE_ARCH = YES;
				SDKROOT = macosx;
			};
			name = Debug;
		};
		18652BAC15F7072600A0BB44 /* Release */ = {
			isa = XCBuildConfiguration;
			buildSettings = {
				ALWAYS_SEARCH_USER_PATHS = NO;
				ARCHS = "$(ARCHS_STANDARD_64_BIT)";
				CLANG_CXX_LANGUAGE_STANDARD = "gnu++0x";
				CLANG_ENABLE_OBJC_ARC = YES;
				CLANG_WARN__DUPLICATE_METHOD_MATCH = YES;
				COPY_PHASE_STRIP = YES;
				DEBUG_INFORMATION_FORMAT = "dwarf-with-dsym";
				GCC_C_LANGUAGE_STANDARD = gnu99;
				GCC_ENABLE_OBJC_EXCEPTIONS = YES;
				GCC_WARN_64_TO_32_BIT_CONVERSION = YES;
				GCC_WARN_ABOUT_RETURN_TYPE = YES;
				GCC_WARN_UNINITIALIZED_AUTOS = YES;
				GCC_WARN_UNUSED_VARIABLE = YES;
				MACOSX_DEPLOYMENT_TARGET = 10.8;
				SDKROOT = macosx;
			};
			name = Release;
		};
		18652BAE15F7072600A0BB44 /* Debug */ = {
			isa = XCBuildConfiguration;
			buildSettings = {
				PRODUCT_NAME = "$(TARGET_NAME)";
			};
			name = Debug;
		};
		18652BAF15F7072600A0BB44 /* Release */ = {
			isa = XCBuildConfiguration;
			buildSettings = {
				PRODUCT_NAME = "$(TARGET_NAME)";
			};
			name = Release;
		};
/* End XCBuildConfiguration section */

/* Begin XCConfigurationList section */
		18652B9D15F7072600A0BB44 /* Build configuration list for PBXProject "otw" */ = {
			isa = XCConfigurationList;
			buildConfigurations = (
				18652BAB15F7072600A0BB44 /* Debug */,
				18652BAC15F7072600A0BB44 /* Release */,
			);
			defaultConfigurationIsVisible = 0;
			defaultConfigurationName = Release;
		};
		18652BAD15F7072600A0BB44 /* Build configuration list for PBXNativeTarget "otw" */ = {
			isa = XCConfigurationList;
			buildConfigurations = (
				18652BAE15F7072600A0BB44 /* Debug */,
				18652BAF15F7072600A0BB44 /* Release */,
			);
			defaultConfigurationIsVisible = 0;
		};
/* End XCConfigurationList section */
	};
	rootObject = 18652B9A15F7072600A0BB44 /* Project object */;
}
